
Microsoft Visual Studio Solution File, Format Version 12.00
# Visual Studio 15
VisualStudioVersion = 15.0.28307.329
MinimumVisualStudioVersion = 10.0.40219.1
Project("{FAE04EC0-301F-11D3-BF4B-00C04F79EFBC}") = "MagicOnionSample.Client", "MagicOnionSample.Client\MagicOnionSample.Client.csproj", "{B6F6E6F7-0173-41FA-84E6-E203E1C1E810}"
EndProject
Project("{FAE04EC0-301F-11D3-BF4B-00C04F79EFBC}") = "MagicOnionSample.Server", "MagicOnionSample.Server\MagicOnionSample.Server.csproj", "{609356AB-607A-4929-A4E2-42CE4425A337}"
EndProject
Project("{FAE04EC0-301F-11D3-BF4B-00C04F79EFBC}") = "MagicOnionSample.ServiceDefinition", "MagicOnionSample.ServiceDefinition\MagicOnionSample.ServiceDefinition.csproj", "{B3146C59-F843-4644-86CD-6472D4A11303}"
EndProject
Global
	GlobalSection(SolutionConfigurationPlatforms) = preSolution
		Debug|Any CPU = Debug|Any CPU
		Release|Any CPU = Release|Any CPU
	EndGlobalSection
	GlobalSection(ProjectConfigurationPlatforms) = postSolution
		{B6F6E6F7-0173-41FA-84E6-E203E1C1E810}.Debug|Any CPU.ActiveCfg = Debug|Any CPU
		{B6F6E6F7-0173-41FA-84E6-E203E1C1E810}.Debug|Any CPU.Build.0 = Debug|Any CPU
		{B6F6E6F7-0173-41FA-84E6-E203E1C1E810}.Release|Any CPU.ActiveCfg = Release|Any CPU
		{B6F6E6F7-0173-41FA-84E6-E203E1C1E810}.Release|Any CPU.Build.0 = Release|Any CPU
		{609356AB-607A-4929-A4E2-42CE4425A337}.Debug|Any CPU.ActiveCfg = Debug|Any CPU
		{609356AB-607A-4929-A4E2-42CE4425A337}.Debug|Any CPU.Build.0 = Debug|Any CPU
		{609356AB-607A-4929-A4E2-42CE4425A337}.Release|Any CPU.ActiveCfg = Release|Any CPU
		{609356AB-607A-4929-A4E2-42CE4425A337}.Release|Any CPU.Build.0 = Release|Any CPU
		{B3146C59-F843-4644-86CD-6472D4A11303}.Debug|Any CPU.ActiveCfg = Debug|Any CPU
		{B3146C59-F843-4644-86CD-6472D4A11303}.Debug|Any CPU.Build.0 = Debug|Any CPU
		{B3146C59-F843-4644-86CD-6472D4A11303}.Release|Any CPU.ActiveCfg = Release|Any CPU
		{B3146C59-F843-4644-86CD-6472D4A11303}.Release|Any CPU.Build.0 = Release|Any CPU
	EndGlobalSection
	GlobalSection(SolutionProperties) = preSolution
		HideSolutionNode = FALSE
	EndGlobalSection
	GlobalSection(ExtensibilityGlobals) = postSolution
		SolutionGuid = {FFB72872-6C3F-4341-B599-E18293715B30}
	EndGlobalSection
EndGlobal
